// !$*UTF8*$!
{
	archiveVersion = 1;
	classes = {
	};
	objectVersion = 46;
	objects = {

/* Begin PBXBuildFile section */
		34800BF21C8C3210009929FA /* AppDelegate.swift in Sources */ = {isa = PBXBuildFile; fileRef = 34800BF11C8C3210009929FA /* AppDelegate.swift */; };
		34800BF41C8C3210009929FA /* ViewController.swift in Sources */ = {isa = PBXBuildFile; fileRef = 34800BF31C8C3210009929FA /* ViewController.swift */; };
		34800BF71C8C3210009929FA /* Main.storyboard in Resources */ = {isa = PBXBuildFile; fileRef = 34800BF51C8C3210009929FA /* Main.storyboard */; };
		34800BF91C8C3210009929FA /* Assets.xcassets in Resources */ = {isa = PBXBuildFile; fileRef = 34800BF81C8C3210009929FA /* Assets.xcassets */; };
		34800BFC1C8C3210009929FA /* LaunchScreen.storyboard in Resources */ = {isa = PBXBuildFile; fileRef = 34800BFA1C8C3210009929FA /* LaunchScreen.storyboard */; };
		34800C071C8C3210009929FA /* SampleTests.swift in Sources */ = {isa = PBXBuildFile; fileRef = 34800C061C8C3210009929FA /* SampleTests.swift */; };
		34800C1A1C8C326F009929FA /* PeekPop.framework in Frameworks */ = {isa = PBXBuildFile; fileRef = 34800C171C8C3263009929FA /* PeekPop.framework */; };
		34800C1B1C8C326F009929FA /* PeekPop.framework in Embed Frameworks */ = {isa = PBXBuildFile; fileRef = 34800C171C8C3263009929FA /* PeekPop.framework */; settings = {ATTRIBUTES = (CodeSignOnCopy, RemoveHeadersOnCopy, ); }; };
/* End PBXBuildFile section */

/* Begin PBXContainerItemProxy section */
		34800C031C8C3210009929FA /* PBXContainerItemProxy */ = {
			isa = PBXContainerItemProxy;
			containerPortal = 34800BE61C8C3210009929FA /* Project object */;
			proxyType = 1;
			remoteGlobalIDString = 34800BED1C8C3210009929FA;
			remoteInfo = Sample;
		};
		34800C161C8C3263009929FA /* PBXContainerItemProxy */ = {
			isa = PBXContainerItemProxy;
			containerPortal = 34800C111C8C3263009929FA /* PeekPop.xcodeproj */;
			proxyType = 2;
			remoteGlobalIDString = 3453ABA71C7C3B24002768E2;
			remoteInfo = PeekPop;
		};
		34800C181C8C3263009929FA /* PBXContainerItemProxy */ = {
			isa = PBXContainerItemProxy;
			containerPortal = 34800C111C8C3263009929FA /* PeekPop.xcodeproj */;
			proxyType = 2;
			remoteGlobalIDString = 3453ABB11C7C3B24002768E2;
			remoteInfo = PeekPopTests;
		};
		34800C1C1C8C326F009929FA /* PBXContainerItemProxy */ = {
			isa = PBXContainerItemProxy;
			containerPortal = 34800C111C8C3263009929FA /* PeekPop.xcodeproj */;
			proxyType = 1;
			remoteGlobalIDString = 3453ABA61C7C3B24002768E2;
			remoteInfo = PeekPop;
		};
/* End PBXContainerItemProxy section */

/* Begin PBXCopyFilesBuildPhase section */
		34800C1E1C8C326F009929FA /* Embed Frameworks */ = {
			isa = PBXCopyFilesBuildPhase;
			buildActionMask = 2147483647;
			dstPath = "";
			dstSubfolderSpec = 10;
			files = (
				34800C1B1C8C326F009929FA /* PeekPop.framework in Embed Frameworks */,
			);
			name = "Embed Frameworks";
			runOnlyForDeploymentPostprocessing = 0;
		};
/* End PBXCopyFilesBuildPhase section */

/* Begin PBXFileReference section */
		34800BEE1C8C3210009929FA /* Sample.app */ = {isa = PBXFileReference; explicitFileType = wrapper.application; includeInIndex = 0; path = Sample.app; sourceTree = BUILT_PRODUCTS_DIR; };
		34800BF11C8C3210009929FA /* AppDelegate.swift */ = {isa = PBXFileReference; lastKnownFileType = sourcecode.swift; path = AppDelegate.swift; sourceTree = "<group>"; };
		34800BF31C8C3210009929FA /* ViewController.swift */ = {isa = PBXFileReference; lastKnownFileType = sourcecode.swift; path = ViewController.swift; sourceTree = "<group>"; };
		34800BF61C8C3210009929FA /* Base */ = {isa = PBXFileReference; lastKnownFileType = file.storyboard; name = Base; path = Base.lproj/Main.storyboard; sourceTree = "<group>"; };
		34800BF81C8C3210009929FA /* Assets.xcassets */ = {isa = PBXFileReference; lastKnownFileType = folder.assetcatalog; path = Assets.xcassets; sourceTree = "<group>"; };
		34800BFB1C8C3210009929FA /* Base */ = {isa = PBXFileReference; lastKnownFileType = file.storyboard; name = Base; path = Base.lproj/LaunchScreen.storyboard; sourceTree = "<group>"; };
		34800BFD1C8C3210009929FA /* Info.plist */ = {isa = PBXFileReference; lastKnownFileType = text.plist.xml; path = Info.plist; sourceTree = "<group>"; };
		34800C021C8C3210009929FA /* SampleTests.xctest */ = {isa = PBXFileReference; explicitFileType = wrapper.cfbundle; includeInIndex = 0; path = SampleTests.xctest; sourceTree = BUILT_PRODUCTS_DIR; };
		34800C061C8C3210009929FA /* SampleTests.swift */ = {isa = PBXFileReference; lastKnownFileType = sourcecode.swift; path = SampleTests.swift; sourceTree = "<group>"; };
		34800C081C8C3210009929FA /* Info.plist */ = {isa = PBXFileReference; lastKnownFileType = text.plist.xml; path = Info.plist; sourceTree = "<group>"; };
		34800C111C8C3263009929FA /* PeekPop.xcodeproj */ = {isa = PBXFileReference; lastKnownFileType = "wrapper.pb-project"; name = PeekPop.xcodeproj; path = ../../PeekPop.xcodeproj; sourceTree = "<group>"; };
/* End PBXFileReference section */

/* Begin PBXFrameworksBuildPhase section */
		34800BEB1C8C3210009929FA /* Frameworks */ = {
			isa = PBXFrameworksBuildPhase;
			buildActionMask = 2147483647;
			files = (
				34800C1A1C8C326F009929FA /* PeekPop.framework in Frameworks */,
			);
			runOnlyForDeploymentPostprocessing = 0;
		};
		34800BFF1C8C3210009929FA /* Frameworks */ = {
			isa = PBXFrameworksBuildPhase;
			buildActionMask = 2147483647;
			files = (
			);
			runOnlyForDeploymentPostprocessing = 0;
		};
/* End PBXFrameworksBuildPhase section */

/* Begin PBXGroup section */
		34800BE51C8C3210009929FA = {
			isa = PBXGroup;
			children = (
				34800C111C8C3263009929FA /* PeekPop.xcodeproj */,
				34800BF01C8C3210009929FA /* Sample */,
				34800C051C8C3210009929FA /* SampleTests */,
				34800BEF1C8C3210009929FA /* Products */,
			);
			sourceTree = "<group>";
		};
		34800BEF1C8C3210009929FA /* Products */ = {
			isa = PBXGroup;
			children = (
				34800BEE1C8C3210009929FA /* Sample.app */,
				34800C021C8C3210009929FA /* SampleTests.xctest */,
			);
			name = Products;
			sourceTree = "<group>";
		};
		34800BF01C8C3210009929FA /* Sample */ = {
			isa = PBXGroup;
			children = (
				34800BF11C8C3210009929FA /* AppDelegate.swift */,
				34800BF31C8C3210009929FA /* ViewController.swift */,
				34800BF51C8C3210009929FA /* Main.storyboard */,
				34800BF81C8C3210009929FA /* Assets.xcassets */,
				34800BFA1C8C3210009929FA /* LaunchScreen.storyboard */,
				34800BFD1C8C3210009929FA /* Info.plist */,
			);
			path = Sample;
			sourceTree = "<group>";
		};
		34800C051C8C3210009929FA /* SampleTests */ = {
			isa = PBXGroup;
			children = (
				34800C061C8C3210009929FA /* SampleTests.swift */,
				34800C081C8C3210009929FA /* Info.plist */,
			);
			path = SampleTests;
			sourceTree = "<group>";
		};
		34800C121C8C3263009929FA /* Products */ = {
			isa = PBXGroup;
			children = (
				34800C171C8C3263009929FA /* PeekPop.framework */,
				34800C191C8C3263009929FA /* PeekPopTests.xctest */,
			);
			name = Products;
			sourceTree = "<group>";
		};
/* End PBXGroup section */

/* Begin PBXNativeTarget section */
		34800BED1C8C3210009929FA /* Sample */ = {
			isa = PBXNativeTarget;
			buildConfigurationList = 34800C0B1C8C3210009929FA /* Build configuration list for PBXNativeTarget "Sample" */;
			buildPhases = (
				34800BEA1C8C3210009929FA /* Sources */,
				34800BEB1C8C3210009929FA /* Frameworks */,
				34800BEC1C8C3210009929FA /* Resources */,
				34800C1E1C8C326F009929FA /* Embed Frameworks */,
			);
			buildRules = (
			);
			dependencies = (
				34800C1D1C8C326F009929FA /* PBXTargetDependency */,
			);
			name = Sample;
			productName = Sample;
			productReference = 34800BEE1C8C3210009929FA /* Sample.app */;
			productType = "com.apple.product-type.application";
		};
		34800C011C8C3210009929FA /* SampleTests */ = {
			isa = PBXNativeTarget;
			buildConfigurationList = 34800C0E1C8C3210009929FA /* Build configuration list for PBXNativeTarget "SampleTests" */;
			buildPhases = (
				34800BFE1C8C3210009929FA /* Sources */,
				34800BFF1C8C3210009929FA /* Frameworks */,
				34800C001C8C3210009929FA /* Resources */,
			);
			buildRules = (
			);
			dependencies = (
				34800C041C8C3210009929FA /* PBXTargetDependency */,
			);
			name = SampleTests;
			productName = SampleTests;
			productReference = 34800C021C8C3210009929FA /* SampleTests.xctest */;
			productType = "com.apple.product-type.bundle.unit-test";
		};
/* End PBXNativeTarget section */

/* Begin PBXProject section */
		34800BE61C8C3210009929FA /* Project object */ = {
			isa = PBXProject;
			attributes = {
				LastSwiftUpdateCheck = 0720;
				LastUpgradeCheck = 0720;
				ORGANIZATIONNAME = "Roy Marmelstein";
				TargetAttributes = {
					34800BED1C8C3210009929FA = {
						CreatedOnToolsVersion = 7.2.1;
					};
					34800C011C8C3210009929FA = {
						CreatedOnToolsVersion = 7.2.1;
						TestTargetID = 34800BED1C8C3210009929FA;
					};
				};
			};
			buildConfigurationList = 34800BE91C8C3210009929FA /* Build configuration list for PBXProject "Sample" */;
			compatibilityVersion = "Xcode 3.2";
			developmentRegion = English;
			hasScannedForEncodings = 0;
			knownRegions = (
				en,
				Base,
			);
			mainGroup = 34800BE51C8C3210009929FA;
			productRefGroup = 34800BEF1C8C3210009929FA /* Products */;
			projectDirPath = "";
			projectReferences = (
				{
					ProductGroup = 34800C121C8C3263009929FA /* Products */;
					ProjectRef = 34800C111C8C3263009929FA /* PeekPop.xcodeproj */;
				},
			);
			projectRoot = "";
			targets = (
				34800BED1C8C3210009929FA /* Sample */,
				34800C011C8C3210009929FA /* SampleTests */,
			);
		};
/* End PBXProject section */

/* Begin PBXReferenceProxy section */
		34800C171C8C3263009929FA /* PeekPop.framework */ = {
			isa = PBXReferenceProxy;
			fileType = wrapper.framework;
			path = PeekPop.framework;
			remoteRef = 34800C161C8C3263009929FA /* PBXContainerItemProxy */;
			sourceTree = BUILT_PRODUCTS_DIR;
		};
		34800C191C8C3263009929FA /* PeekPopTests.xctest */ = {
			isa = PBXReferenceProxy;
			fileType = wrapper.cfbundle;
			path = PeekPopTests.xctest;
			remoteRef = 34800C181C8C3263009929FA /* PBXContainerItemProxy */;
			sourceTree = BUILT_PRODUCTS_DIR;
		};
/* End PBXReferenceProxy section */

/* Begin PBXResourcesBuildPhase section */
		34800BEC1C8C3210009929FA /* Resources */ = {
			isa = PBXResourcesBuildPhase;
			buildActionMask = 2147483647;
			files = (
				34800BFC1C8C3210009929FA /* LaunchScreen.storyboard in Resources */,
				34800BF91C8C3210009929FA /* Assets.xcassets in Resources */,
				34800BF71C8C3210009929FA /* Main.storyboard in Resources */,
			);
			runOnlyForDeploymentPostprocessing = 0;
		};
		34800C001C8C3210009929FA /* Resources */ = {
			isa = PBXResourcesBuildPhase;
			buildActionMask = 2147483647;
			files = (
			);
			runOnlyForDeploymentPostprocessing = 0;
		};
/* End PBXResourcesBuildPhase section */

/* Begin PBXSourcesBuildPhase section */
		34800BEA1C8C3210009929FA /* Sources */ = {
			isa = PBXSourcesBuildPhase;
			buildActionMask = 2147483647;
			files = (
				34800BF41C8C3210009929FA /* ViewController.swift in Sources */,
				34800BF21C8C3210009929FA /* AppDelegate.swift in Sources */,
			);
			runOnlyForDeploymentPostprocessing = 0;
		};
		34800BFE1C8C3210009929FA /* Sources */ = {
			isa = PBXSourcesBuildPhase;
			buildActionMask = 2147483647;
			files = (
				34800C071C8C3210009929FA /* SampleTests.swift in Sources */,
			);
			runOnlyForDeploymentPostprocessing = 0;
		};
/* End PBXSourcesBuildPhase section */

/* Begin PBXTargetDependency section */
		34800C041C8C3210009929FA /* PBXTargetDependency */ = {
			isa = PBXTargetDependency;
			target = 34800BED1C8C3210009929FA /* Sample */;
			targetProxy = 34800C031C8C3210009929FA /* PBXContainerItemProxy */;
		};
		34800C1D1C8C326F009929FA /* PBXTargetDependency */ = {
			isa = PBXTargetDependency;
			name = PeekPop;
			targetProxy = 34800C1C1C8C326F009929FA /* PBXContainerItemProxy */;
		};
/* End PBXTargetDependency section */

/* Begin PBXVariantGroup section */
		34800BF51C8C3210009929FA /* Main.storyboard */ = {
			isa = PBXVariantGroup;
			children = (
				34800BF61C8C3210009929FA /* Base */,
			);
			name = Main.storyboard;
			sourceTree = "<group>";
		};
		34800BFA1C8C3210009929FA /* LaunchScreen.storyboard */ = {
			isa = PBXVariantGroup;
			children = (
				34800BFB1C8C3210009929FA /* Base */,
			);
			name = LaunchScreen.storyboard;
			sourceTree = "<group>";
		};
/* End PBXVariantGroup section */

/* Begin XCBuildConfiguration section */
		34800C091C8C3210009929FA /* Debug */ = {
			isa = XCBuildConfiguration;
			buildSettings = {
				ALWAYS_SEARCH_USER_PATHS = NO;
				CLANG_CXX_LANGUAGE_STANDARD = "gnu++0x";
				CLANG_CXX_LIBRARY = "libc++";
				CLANG_ENABLE_MODULES = YES;
				CLANG_ENABLE_OBJC_ARC = YES;
				CLANG_WARN_BOOL_CONVERSION = YES;
				CLANG_WARN_CONSTANT_CONVERSION = YES;
				CLANG_WARN_DIRECT_OBJC_ISA_USAGE = YES_ERROR;
				CLANG_WARN_EMPTY_BODY = YES;
				CLANG_WARN_ENUM_CONVERSION = YES;
				CLANG_WARN_INT_CONVERSION = YES;
				CLANG_WARN_OBJC_ROOT_CLASS = YES_ERROR;
				CLANG_WARN_UNREACHABLE_CODE = YES;
				CLANG_WARN__DUPLICATE_METHOD_MATCH = YES;
				"CODE_SIGN_IDENTITY[sdk=iphoneos*]" = "iPhone Developer";
				COPY_PHASE_STRIP = NO;
				DEBUG_INFORMATION_FORMAT = dwarf;
				ENABLE_STRICT_OBJC_MSGSEND = YES;
				ENABLE_TESTABILITY = YES;
				GCC_C_LANGUAGE_STANDARD = gnu99;
				GCC_DYNAMIC_NO_PIC = NO;
				GCC_NO_COMMON_BLOCKS = YES;
				GCC_OPTIMIZATION_LEVEL = 0;
				GCC_PREPROCESSOR_DEFINITIONS = (
					"DEBUG=1",
					"$(inherited)",
				);
				GCC_WARN_64_TO_32_BIT_CONVERSION = YES;
				GCC_WARN_ABOUT_RETURN_TYPE = YES_ERROR;
				GCC_WARN_UNDECLARED_SELECTOR = YES;
				GCC_WARN_UNINITIALIZED_AUTOS = YES_AGGRESSIVE;
				GCC_WARN_UNUSED_FUNCTION = YES;
				GCC_WARN_UNUSED_VARIABLE = YES;
				IPHONEOS_DEPLOYMENT_TARGET = 9.2;
				MTL_ENABLE_DEBUG_INFO = YES;
				ONLY_ACTIVE_ARCH = YES;
				SDKROOT = iphoneos;
				SWIFT_OPTIMIZATION_LEVEL = "-Onone";
			};
			name = Debug;
		};
		34800C0A1C8C3210009929FA /* Release */ = {
			isa = XCBuildConfiguration;
			buildSettings = {
				ALWAYS_SEARCH_USER_PATHS = NO;
				CLANG_CXX_LANGUAGE_STANDARD = "gnu++0x";
				CLANG_CXX_LIBRARY = "libc++";
				CLANG_ENABLE_MODULES = YES;
				CLANG_ENABLE_OBJC_ARC = YES;
				CLANG_WARN_BOOL_CONVERSION = YES;
				CLANG_WARN_CONSTANT_CONVERSION = YES;
				CLANG_WARN_DIRECT_OBJC_ISA_USAGE = YES_ERROR;
				CLANG_WARN_EMPTY_BODY = YES;
				CLANG_WARN_ENUM_CONVERSION = YES;
				CLANG_WARN_INT_CONVERSION = YES;
				CLANG_WARN_OBJC_ROOT_CLASS = YES_ERROR;
				CLANG_WARN_UNREACHABLE_CODE = YES;
				CLANG_WARN__DUPLICATE_METHOD_MATCH = YES;
				"CODE_SIGN_IDENTITY[sdk=iphoneos*]" = "iPhone Developer";
				COPY_PHASE_STRIP = NO;
				DEBUG_INFORMATION_FORMAT = "dwarf-with-dsym";
				ENABLE_NS_ASSERTIONS = NO;
				ENABLE_STRICT_OBJC_MSGSEND = YES;
				GCC_C_LANGUAGE_STANDARD = gnu99;
				GCC_NO_COMMON_BLOCKS = YES;
				GCC_WARN_64_TO_32_BIT_CONVERSION = YES;
				GCC_WARN_ABOUT_RETURN_TYPE = YES_ERROR;
				GCC_WARN_UNDECLARED_SELECTOR = YES;
				GCC_WARN_UNINITIALIZED_AUTOS = YES_AGGRESSIVE;
				GCC_WARN_UNUSED_FUNCTION = YES;
				GCC_WARN_UNUSED_VARIABLE = YES;
				IPHONEOS_DEPLOYMENT_TARGET = 9.2;
				MTL_ENABLE_DEBUG_INFO = NO;
				SDKROOT = iphoneos;
				VALIDATE_PRODUCT = YES;
			};
			name = Release;
		};
		34800C0C1C8C3210009929FA /* Debug */ = {
			isa = XCBuildConfiguration;
			buildSettings = {
				ASSETCATALOG_COMPILER_APPICON_NAME = AppIcon;
				INFOPLIST_FILE = Sample/Info.plist;
				IPHONEOS_DEPLOYMENT_TARGET = 8.0;
				LD_RUNPATH_SEARCH_PATHS = "$(inherited) @executable_path/Frameworks";
				PRODUCT_BUNDLE_IDENTIFIER = com.roymarmelstein.Sample;
				PRODUCT_NAME = "$(TARGET_NAME)";
			};
			name = Debug;
		};
		34800C0D1C8C3210009929FA /* Release */ = {
			isa = XCBuildConfiguration;
			buildSettings = {
				ASSETCATALOG_COMPILER_APPICON_NAME = AppIcon;
				INFOPLIST_FILE = Sample/Info.plist;
				IPHONEOS_DEPLOYMENT_TARGET = 8.0;
				LD_RUNPATH_SEARCH_PATHS = "$(inherited) @executable_path/Frameworks";
				PRODUCT_BUNDLE_IDENTIFIER = com.roymarmelstein.Sample;
				PRODUCT_NAME = "$(TARGET_NAME)";
			};
			name = Release;
		};
		34800C0F1C8C3210009929FA /* Debug */ = {
			isa = XCBuildConfiguration;
			buildSettings = {
				BUNDLE_LOADER = "$(TEST_HOST)";
				INFOPLIST_FILE = SampleTests/Info.plist;
				LD_RUNPATH_SEARCH_PATHS = "$(inherited) @executable_path/Frameworks @loader_path/Frameworks";
				PRODUCT_BUNDLE_IDENTIFIER = com.roymarmelstein.SampleTests;
				PRODUCT_NAME = "$(TARGET_NAME)";
				TEST_HOST = "$(BUILT_PRODUCTS_DIR)/Sample.app/Sample";
			};
			name = Debug;
		};
		34800C101C8C3210009929FA /* Release */ = {
			isa = XCBuildConfiguration;
			buildSettings = {
				BUNDLE_LOADER = "$(TEST_HOST)";
				INFOPLIST_FILE = SampleTests/Info.plist;
				LD_RUNPATH_SEARCH_PATHS = "$(inherited) @executable_path/Frameworks @loader_path/Frameworks";
				PRODUCT_BUNDLE_IDENTIFIER = com.roymarmelstein.SampleTests;
				PRODUCT_NAME = "$(TARGET_NAME)";
				TEST_HOST = "$(BUILT_PRODUCTS_DIR)/Sample.app/Sample";
			};
			name = Release;
		};
/* End XCBuildConfiguration section */

/* Begin XCConfigurationList section */
		34800BE91C8C3210009929FA /* Build configuration list for PBXProject "Sample" */ = {
			isa = XCConfigurationList;
			buildConfigurations = (
				34800C091C8C3210009929FA /* Debug */,
				34800C0A1C8C3210009929FA /* Release */,
			);
			defaultConfigurationIsVisible = 0;
			defaultConfigurationName = Release;
		};
		34800C0B1C8C3210009929FA /* Build configuration list for PBXNativeTarget "Sample" */ = {
			isa = XCConfigurationList;
			buildConfigurations = (
				34800C0C1C8C3210009929FA /* Debug */,
				34800C0D1C8C3210009929FA /* Release */,
			);
			defaultConfigurationIsVisible = 0;
			defaultConfigurationName = Release;
		};
		34800C0E1C8C3210009929FA /* Build configuration list for PBXNativeTarget "SampleTests" */ = {
			isa = XCConfigurationList;
			buildConfigurations = (
				34800C0F1C8C3210009929FA /* Debug */,
				34800C101C8C3210009929FA /* Release */,
			);
			defaultConfigurationIsVisible = 0;
			defaultConfigurationName = Release;
		};
/* End XCConfigurationList section */
	};
	rootObject = 34800BE61C8C3210009929FA /* Project object */;
}
